<?xml version="1.0" encoding="utf-8"?>
<Project ToolsVersion="4.0" xmlns="http://schemas.microsoft.com/developer/msbuild/2003">
  <ItemGroup>
    <None Include="cpp.hint" />
    <None Include="Shader\Fragment\f_color.glsl">
      <Filter>Shader\Fragment</Filter>
    </None>
    <None Include="Shader\Fragment\f_debug.glsl">
      <Filter>Shader\Fragment</Filter>
    </None>
    <None Include="Shader\Fragment\f_debugOverdraw.glsl">
      <Filter>Shader\Fragment</Filter>
    </None>
    <None Include="Shader\Fragment\f_debugTriangle.glsl">
      <Filter>Shader\Fragment</Filter>
    </None>
    <None Include="Shader\Fragment\f_debugWireframe.glsl">
      <Filter>Shader\Fragment</Filter>
    </None>
    <None Include="Shader\Fragment\f_depth.glsl">
      <Filter>Shader\Fragment</Filter>
    </None>
    <None Include="Shader\Fragment\f_render.glsl">
      <Filter>Shader\Fragment</Filter>
    </None>
    <None Include="Shader\Fragment\f_skybox.glsl">
      <Filter>Shader\Fragment</Filter>
    </None>
    <None Include="Shader\Fragment\f_texture.glsl">
      <Filter>Shader\Fragment</Filter>
    </None>
    <None Include="Shader\Vertex\v_color.glsl">
      <Filter>Shader\Vertex</Filter>
    </None>
    <None Include="Shader\Vertex\v_debug.glsl">
      <Filter>Shader\Vertex</Filter>
    </None>
    <None Include="Shader\Vertex\v_debugOverdraw.glsl">
      <Filter>Shader\Vertex</Filter>
    </None>
    <None Include="Shader\Vertex\v_debugTriangle.glsl">
      <Filter>Shader\Vertex</Filter>
    </None>
    <None Include="Shader\Vertex\v_debugWireframe.glsl">
      <Filter>Shader\Vertex</Filter>
    </None>
    <None Include="Shader\Vertex\v_depth.glsl">
      <Filter>Shader\Vertex</Filter>
    </None>
    <None Include="Shader\Vertex\v_render.glsl">
      <Filter>Shader\Vertex</Filter>
    </None>
    <None Include="Shader\Vertex\v_skybox.glsl">
      <Filter>Shader\Vertex</Filter>
    </None>
    <None Include="Shader\Vertex\v_texture.glsl">
      <Filter>Shader\Vertex</Filter>
    </None>
    <None Include="Shader\Geometry\g_visualizeNormals.glsl">
      <Filter>Shader\Geometry</Filter>
    </None>
    <None Include="Shader\Fragment\f_visualizeNormals.glsl">
      <Filter>Shader\Fragment</Filter>
    </None>
    <None Include="Shader\Vertex\v_visualizeNormals.glsl">
      <Filter>Shader\Vertex</Filter>
    </None>
    <None Include="Shader\Fragment\f_terrain.glsl">
      <Filter>Shader\Fragment</Filter>
    </None>
    <None Include="Shader\Vertex\v_terrain.glsl">
      <Filter>Shader\Vertex</Filter>
    </None>
  </ItemGroup>
  <ItemGroup>
    <Filter Include="src">
      <UniqueIdentifier>{2b57e801-3268-4977-b1df-e739e78ceca8}</UniqueIdentifier>
    </Filter>
    <Filter Include="src\Core">
      <UniqueIdentifier>{6ba32c2a-1f21-4934-b22f-e62f6d1afe26}</UniqueIdentifier>
    </Filter>
    <Filter Include="src\Renderer">
      <UniqueIdentifier>{00c53785-f6ff-4f66-9340-eff2e445d9ae}</UniqueIdentifier>
    </Filter>
    <Filter Include="src\Renderer\Data">
      <UniqueIdentifier>{d9354d64-b73e-4b1a-9e18-5b9e8959147a}</UniqueIdentifier>
    </Filter>
    <Filter Include="src\Renderer\Environment">
      <UniqueIdentifier>{43d5aece-44d8-4faf-b77d-5bbd0ec5d9e5}</UniqueIdentifier>
    </Filter>
    <Filter Include="src\Renderer\Graphics">
      <UniqueIdentifier>{9a5a8c0a-eb53-43d9-a6bb-93a46d446dc7}</UniqueIdentifier>
    </Filter>
    <Filter Include="src\Renderer\UI">
      <UniqueIdentifier>{22f3cb28-2049-4e0f-9121-0162fbdc965d}</UniqueIdentifier>
    </Filter>
    <Filter Include="src\Renderer\PostProcess">
      <UniqueIdentifier>{993d1b6a-5416-4391-ae40-c7ba2a3adb78}</UniqueIdentifier>
    </Filter>
    <Filter Include="src\Renderer\Object">
      <UniqueIdentifier>{261c6b64-eac5-4905-9d87-711053747b6a}</UniqueIdentifier>
    </Filter>
    <Filter Include="src\Renderer\Lighting">
      <UniqueIdentifier>{5e58f287-3b41-42bc-ad03-e5e77120c58e}</UniqueIdentifier>
    </Filter>
    <Filter Include="src\Scene">
      <UniqueIdentifier>{42585b3f-4df9-4079-980e-9e03baadb524}</UniqueIdentifier>
    </Filter>
    <Filter Include="src\Scene\Lights">
      <UniqueIdentifier>{ad63fe72-f363-470f-8649-2a127fda3435}</UniqueIdentifier>
    </Filter>
    <Filter Include="src\Scene\Objects">
      <UniqueIdentifier>{214c1cab-ca5e-46ae-97d8-1df6945a8375}</UniqueIdentifier>
    </Filter>
    <Filter Include="src\ThirdParty">
      <UniqueIdentifier>{3451394f-01e9-4561-b3b5-7d1f4b00fcf0}</UniqueIdentifier>
    </Filter>
    <Filter Include="src\Utils">
      <UniqueIdentifier>{b2a48687-f9ab-46b7-b296-34f8604f9fa9}</UniqueIdentifier>
    </Filter>
    <Filter Include="src\Window">
      <UniqueIdentifier>{d280b49f-85ad-4bf0-b91f-1b243dfe3c59}</UniqueIdentifier>
    </Filter>
    <Filter Include="src\Globals">
      <UniqueIdentifier>{8b4239b9-d6b5-487e-8abc-24a1aa98d9bd}</UniqueIdentifier>
    </Filter>
    <Filter Include="Shader">
      <UniqueIdentifier>{4d1ebe19-1637-484b-be49-b8fb50c29d96}</UniqueIdentifier>
    </Filter>
    <Filter Include="Shader\Vertex">
      <UniqueIdentifier>{b109f075-d0c0-42db-9ac6-2fdd3d05c408}</UniqueIdentifier>
    </Filter>
    <Filter Include="Shader\Fragment">
      <UniqueIdentifier>{9d1c2895-2b84-48b6-9a42-fbfc283873e2}</UniqueIdentifier>
    </Filter>
    <Filter Include="Shader\Geometry">
      <UniqueIdentifier>{8f5f4cb3-19c8-441d-afd8-f2a2f5402a79}</UniqueIdentifier>
    </Filter>
    <Filter Include="src\ThirdParty\ImNodes">
      <UniqueIdentifier>{b2e8373c-a946-422e-a29b-c5cde860fdee}</UniqueIdentifier>
    </Filter>
    <Filter Include="src\Renderer\UI\ShaderNodeEditor">
      <UniqueIdentifier>{9d54f23e-7dcf-40b5-96d5-e435741eee67}</UniqueIdentifier>
    </Filter>
    <Filter Include="src\Renderer\Data\ShaderNode">
      <UniqueIdentifier>{9c616862-88fa-43a8-b93b-811910b4dcf0}</UniqueIdentifier>
    </Filter>
  </ItemGroup>
  <ItemGroup>
    <ClInclude Include="src\Collider.hpp">
      <Filter>src</Filter>
    </ClInclude>
    <ClInclude Include="src\Landscape.hpp">
      <Filter>src</Filter>
    </ClInclude>
    <ClInclude Include="src\Core\PhysicEngine.hpp">
      <Filter>src\Core</Filter>
    </ClInclude>
    <ClInclude Include="src\Renderer\Renderer.hpp">
      <Filter>src\Renderer</Filter>
    </ClInclude>
    <ClInclude Include="src\Renderer\Data\Mesh.hpp">
      <Filter>src\Renderer\Data</Filter>
    </ClInclude>
    <ClInclude Include="src\Renderer\Data\Vertex.hpp">
      <Filter>src\Renderer\Data</Filter>
    </ClInclude>
    <ClInclude Include="src\Renderer\Environment\Environment.hpp">
      <Filter>src\Renderer\Environment</Filter>
    </ClInclude>
    <ClInclude Include="src\Renderer\Graphics\Material.hpp">
      <Filter>src\Renderer\Graphics</Filter>
    </ClInclude>
    <ClInclude Include="src\Renderer\Graphics\Shader.hpp">
      <Filter>src\Renderer\Graphics</Filter>
    </ClInclude>
    <ClInclude Include="src\Renderer\UI\UserInterface.hpp">
      <Filter>src\Renderer\UI</Filter>
    </ClInclude>
    <ClInclude Include="src\Renderer\PostProcess\PostProcess.hpp">
      <Filter>src\Renderer\PostProcess</Filter>
    </ClInclude>
    <ClInclude Include="src\Renderer\Object\Object.hpp">
      <Filter>src\Renderer\Object</Filter>
    </ClInclude>
    <ClInclude Include="src\Renderer\Lighting\Lighting.hpp">
      <Filter>src\Renderer\Lighting</Filter>
    </ClInclude>
    <ClInclude Include="src\Scene\Scene.hpp">
      <Filter>src\Scene</Filter>
    </ClInclude>
    <ClInclude Include="src\Scene\Lights\DirectionalLight.hpp">
      <Filter>src\Scene\Lights</Filter>
    </ClInclude>
    <ClInclude Include="src\Scene\Lights\Light.hpp">
      <Filter>src\Scene\Lights</Filter>
    </ClInclude>
    <ClInclude Include="src\Scene\Lights\PointLight.hpp">
      <Filter>src\Scene\Lights</Filter>
    </ClInclude>
    <ClInclude Include="src\Scene\Lights\SpotLight.hpp">
      <Filter>src\Scene\Lights</Filter>
    </ClInclude>
    <ClInclude Include="src\Scene\Objects\Camera.hpp">
      <Filter>src\Scene\Objects</Filter>
    </ClInclude>
    <ClInclude Include="src\Scene\Objects\GameObject.hpp">
      <Filter>src\Scene\Objects</Filter>
    </ClInclude>
    <ClInclude Include="src\Scene\Objects\GameObjectCollisions.h">
      <Filter>src\Scene\Objects</Filter>
    </ClInclude>
    <ClInclude Include="src\Scene\Objects\GameObjectPhysics.h">
      <Filter>src\Scene\Objects</Filter>
    </ClInclude>
    <ClInclude Include="src\Scene\Objects\Skybox.hpp">
      <Filter>src\Scene\Objects</Filter>
    </ClInclude>
    <ClInclude Include="src\ThirdParty\IconsFontAwesome5.h">
      <Filter>src\ThirdParty</Filter>
    </ClInclude>
    <ClInclude Include="src\ThirdParty\stb_image.h">
      <Filter>src\ThirdParty</Filter>
    </ClInclude>
    <ClInclude Include="src\ThirdParty\stb_image_write.h">
      <Filter>src\ThirdParty</Filter>
    </ClInclude>
    <ClInclude Include="src\Utils\AssetManager.hpp">
      <Filter>src\Utils</Filter>
    </ClInclude>
    <ClInclude Include="src\Utils\GameObjectConstructor.hpp">
      <Filter>src\Utils</Filter>
    </ClInclude>
    <ClInclude Include="src\Utils\ObjectLoader.hpp">
      <Filter>src\Utils</Filter>
    </ClInclude>
    <ClInclude Include="src\Utils\MaterialLib.hpp">
      <Filter>src\Utils</Filter>
    </ClInclude>
    <ClInclude Include="src\Utils\StatTracker.hpp">
      <Filter>src\Utils</Filter>
    </ClInclude>
    <ClInclude Include="src\Window\AppWindow.hpp">
      <Filter>src\Window</Filter>
    </ClInclude>
    <ClInclude Include="src\Window\InputHandler.hpp">
      <Filter>src\Window</Filter>
    </ClInclude>
    <ClInclude Include="src\Globals\GlobalConfig.hpp">
      <Filter>src\Globals</Filter>
    </ClInclude>
    <ClInclude Include="src\Globals\GlobalTextures.hpp">
      <Filter>src\Globals</Filter>
    </ClInclude>
    <ClInclude Include="src\ThirdParty\PerlinNoise.hpp">
      <Filter>src\ThirdParty</Filter>
    </ClInclude>
    <ClInclude Include="src\Renderer\UI\ShaderNodeEditor.hpp">
      <Filter>src\Renderer\UI</Filter>
    </ClInclude>
    <ClInclude Include="src\ThirdParty\ImNodes\imnodes.h">
      <Filter>src\ThirdParty\ImNodes</Filter>
    </ClInclude>
    <ClInclude Include="src\ThirdParty\ImNodes\imnodes_internal.h">
      <Filter>src\ThirdParty\ImNodes</Filter>
    </ClInclude>
    <ClInclude Include="src\Utils\ShaderNodeCompiler.hpp">
      <Filter>src\Utils</Filter>
    </ClInclude>
    <ClInclude Include="src\Renderer\UI\ShaderNodeEditor\ShaderFunctionNode.hpp">
      <Filter>src\Renderer\UI\ShaderNodeEditor</Filter>
    </ClInclude>
    <ClInclude Include="src\Renderer\UI\ShaderNodeEditor\ShaderVarNode.hpp">
      <Filter>src\Renderer\UI\ShaderNodeEditor</Filter>
    </ClInclude>
    <ClInclude Include="src\Renderer\UI\ShaderNodeEditor\ShaderUniformNode.hpp">
      <Filter>src\Renderer\UI\ShaderNodeEditor</Filter>
    </ClInclude>
    <ClInclude Include="src\Renderer\Data\ShaderNode\ShaderFunction.hpp">
      <Filter>src\Renderer\Data\ShaderNode</Filter>
    </ClInclude>
    <ClInclude Include="src\Renderer\Data\ShaderNode\ShaderUniform.hpp">
      <Filter>src\Renderer\Data\ShaderNode</Filter>
    </ClInclude>
    <ClInclude Include="src\Renderer\Data\ShaderNode\ShaderVar.hpp">
      <Filter>src\Renderer\Data\ShaderNode</Filter>
    </ClInclude>
    <ClInclude Include="src\Renderer\UI\ShaderNodeEditor\ShaderNodeAttribute.hpp">
      <Filter>src\Renderer\UI\ShaderNodeEditor</Filter>
    </ClInclude>
  </ItemGroup>
  <ItemGroup>
    <ClCompile Include="src\Core\FuckWindows.cpp">
      <Filter>src\Core</Filter>
    </ClCompile>
    <ClCompile Include="src\Core\PhysicEngine.cpp">
      <Filter>src\Core</Filter>
    </ClCompile>
    <ClCompile Include="src\Renderer\UI\UserInterface.cpp">
      <Filter>src\Renderer\UI</Filter>
    </ClCompile>
    <ClCompile Include="src\Scene\Objects\GameObject.cpp">
      <Filter>src\Scene\Objects</Filter>
    </ClCompile>
    <ClCompile Include="src\Scene\Objects\GameObjectCollisions.cpp">
      <Filter>src\Scene\Objects</Filter>
    </ClCompile>
    <ClCompile Include="src\Scene\Objects\GameObjectPhysics.cpp">
      <Filter>src\Scene\Objects</Filter>
    </ClCompile>
    <ClCompile Include="src\ThirdParty\glad.c">
      <Filter>src\ThirdParty</Filter>
    </ClCompile>
    <ClCompile Include="src\Renderer\Renderer.cpp">
      <Filter>src\Renderer</Filter>
    </ClCompile>
    <ClCompile Include="src\Window\AppWindow.cpp">
      <Filter>src\Window</Filter>
    </ClCompile>
    <ClCompile Include="src\Globals\GlobalConfig.cpp">
      <Filter>src\Globals</Filter>
    </ClCompile>
    <ClCompile Include="src\Landscape.cpp">
      <Filter>src</Filter>
    </ClCompile>
    <ClCompile Include="src\Utils\MaterialLib.cpp">
      <Filter>src\Utils</Filter>
    </ClCompile>
    <ClCompile Include="src\ThirdParty\ImNodes\imnodes.cpp">
      <Filter>src\ThirdParty\ImNodes</Filter>
    </ClCompile>
    <ClCompile Include="src\Renderer\Data\ShaderNode\ShaderVar.cpp">
      <Filter>src\Renderer\Data\ShaderNode</Filter>
    </ClCompile>
  </ItemGroup>
</Project>